
Microsoft Visual Studio Solution File, Format Version 12.00
# Visual Studio Version 17
VisualStudioVersion = 17.12.35527.113
MinimumVisualStudioVersion = 10.0.40219.1
Project("{2150E333-8FDC-42A3-9474-1A3956D46DE8}") = "Services", "Services", "{54728FDA-87AA-4960-A63E-3D41697D324B}"
EndProject
Project("{2150E333-8FDC-42A3-9474-1A3956D46DE8}") = "Catalog", "Catalog", "{F1DECDA1-47C4-4DBB-BFB8-DBEA07210ED8}"
EndProject
Project("{FAE04EC0-301F-11D3-BF4B-00C04F79EFBC}") = "MultiShop.Catalog", "Services\Catalog\MultiShop.Catalog\MultiShop.Catalog.csproj", "{833EE58B-D08F-4EFE-91B5-86B7535FB26E}"
EndProject
Project("{2150E333-8FDC-42A3-9474-1A3956D46DE8}") = "Discount", "Discount", "{9ECEDB87-599B-421C-9F87-69E540BC8859}"
EndProject
Project("{FAE04EC0-301F-11D3-BF4B-00C04F79EFBC}") = "MultiShop.Discount", "Services\Discount\MultiShop.Discount\MultiShop.Discount.csproj", "{437AE3E9-97E2-43B6-B5DA-1929BAF78D38}"
EndProject
Project("{2150E333-8FDC-42A3-9474-1A3956D46DE8}") = "Order", "Order", "{C4F0DA79-0BF0-4F48-9F61-B73D07F33D8A}"
EndProject
Project("{2150E333-8FDC-42A3-9474-1A3956D46DE8}") = "Core", "Core", "{8AA43B6F-5B3D-428C-ABFC-EE98400E103D}"
EndProject
Project("{2150E333-8FDC-42A3-9474-1A3956D46DE8}") = "Infrastructure", "Infrastructure", "{6A32861F-4817-482C-92CF-D04ED9DFE043}"
EndProject
Project("{2150E333-8FDC-42A3-9474-1A3956D46DE8}") = "Presentation", "Presentation", "{7E4879D3-F85F-4137-AE55-31D6E8A17448}"
EndProject
Project("{FAE04EC0-301F-11D3-BF4B-00C04F79EFBC}") = "MultiShop.Order.Domain", "Services\Order\Core\MultiShop.Order.Domain\MultiShop.Order.Domain.csproj", "{D0B15FE3-A6DD-49AD-B3A4-3F3C74A50088}"
EndProject
Project("{FAE04EC0-301F-11D3-BF4B-00C04F79EFBC}") = "MultiShop.Order.Application", "Services\Order\Core\MultiShop.Order.Application\MultiShop.Order.Application.csproj", "{BFE2025D-C846-4A7C-9617-8ED9F67F688E}"
EndProject
Project("{FAE04EC0-301F-11D3-BF4B-00C04F79EFBC}") = "MultiShop.Order.Persistence", "Services\Order\Infrastructure\MultiShop.Order.Persistence\MultiShop.Order.Persistence.csproj", "{69D2817D-6E4E-435F-A5EB-F826E6DC0A11}"
EndProject
Project("{FAE04EC0-301F-11D3-BF4B-00C04F79EFBC}") = "MultiShop.Order.WebApi", "Services\Order\Presentation\MultiShop.Order.WebApi\MultiShop.Order.WebApi.csproj", "{AB5FA39B-964F-4FD6-A39C-ABE9074B1145}"
EndProject
Project("{2150E333-8FDC-42A3-9474-1A3956D46DE8}") = "IdentityServer", "IdentityServer", "{4CB65D89-4044-447C-8A09-55122BBE2C65}"
EndProject
Project("{FAE04EC0-301F-11D3-BF4B-00C04F79EFBC}") = "MultiShop.IdentityServer", "IdentityServer\MultiShop.IdentityServer\MultiShop.IdentityServer.csproj", "{A0BFC201-9397-4455-81E9-CBF11B863679}"
EndProject
Project("{2150E333-8FDC-42A3-9474-1A3956D46DE8}") = "Cargo", "Cargo", "{CED957CD-B3EC-4A8C-97BC-BE70962B3E5C}"
EndProject
Project("{FAE04EC0-301F-11D3-BF4B-00C04F79EFBC}") = "MultiShop.Cargo.BusinessLayer", "Services\Cargo\MultiShop.Cargo.BusinessLayer\MultiShop.Cargo.BusinessLayer.csproj", "{10B505F3-54D1-43CF-9C50-66B8B14C79AD}"
EndProject
Project("{FAE04EC0-301F-11D3-BF4B-00C04F79EFBC}") = "MultiShop.Cargo.EntityLayer", "Services\Cargo\MultiShop.Cargo.EntityLayer\MultiShop.Cargo.EntityLayer.csproj", "{0B94CE3C-DB4C-4205-980E-146AA8AB7EF3}"
EndProject
Project("{FAE04EC0-301F-11D3-BF4B-00C04F79EFBC}") = "MultiShop.Cargo.DtoLayer", "Services\Cargo\MultiShop.Cargo.DtoLayer\MultiShop.Cargo.DtoLayer.csproj", "{9DF29207-9D0F-40AB-871C-9E5DDF26A873}"
EndProject
Project("{FAE04EC0-301F-11D3-BF4B-00C04F79EFBC}") = "MultiShop.Cargo.DataAccessLayer", "Services\Cargo\MultiShop.Cargo.DataAccessLayer\MultiShop.Cargo.DataAccessLayer.csproj", "{723710F0-14A2-45B2-98B0-04C5CFB04030}"
EndProject
Project("{FAE04EC0-301F-11D3-BF4B-00C04F79EFBC}") = "MultiShop.Cargo.WebApi", "Services\Cargo\MultiShop.Cargo.WebApi\MultiShop.Cargo.WebApi.csproj", "{802ECE34-EB21-4723-8BB9-1901A6ADFBB6}"
EndProject
Project("{2150E333-8FDC-42A3-9474-1A3956D46DE8}") = "Basket", "Basket", "{14D4EB8A-41B9-4DCE-BE1A-4CAB6F41F471}"
EndProject
Project("{FAE04EC0-301F-11D3-BF4B-00C04F79EFBC}") = "MultiShop.Basket", "Services\Basket\MultiShop.Basket\MultiShop.Basket.csproj", "{D86EB452-D9D2-43E9-88D0-5C14BBA4F2E6}"
EndProject
Project("{2150E333-8FDC-42A3-9474-1A3956D46DE8}") = "Frontends", "Frontends", "{72500D71-490C-4EAC-855C-618F582DAC82}"
EndProject
Project("{FAE04EC0-301F-11D3-BF4B-00C04F79EFBC}") = "MultiShop.WebUI", "FrontEnds\MultiShop.WebUI\MultiShop.WebUI.csproj", "{E5BBC1E3-ADCD-4019-BC9B-1F5111C6C40F}"
EndProject
Project("{FAE04EC0-301F-11D3-BF4B-00C04F79EFBC}") = "MultiShop.DtoLayer", "Frontends\MultiShop.DtoLayer\MultiShop.DtoLayer.csproj", "{56371818-88B6-463A-85CA-22098118E695}"
EndProject
Project("{2150E333-8FDC-42A3-9474-1A3956D46DE8}") = "Comment", "Comment", "{2C2ECAB8-B3BC-44F6-BF35-4D1A5190E17A}"
EndProject
Project("{FAE04EC0-301F-11D3-BF4B-00C04F79EFBC}") = "MultiShop.Comment", "Services\Comment\MultiShop.Comment\MultiShop.Comment.csproj", "{2FB6FE49-9DC2-47F5-88B5-86206221366D}"
EndProject
Global
	GlobalSection(SolutionConfigurationPlatforms) = preSolution
		Debug|Any CPU = Debug|Any CPU
		Release|Any CPU = Release|Any CPU
	EndGlobalSection
	GlobalSection(ProjectConfigurationPlatforms) = postSolution
		{833EE58B-D08F-4EFE-91B5-86B7535FB26E}.Debug|Any CPU.ActiveCfg = Debug|Any CPU
		{833EE58B-D08F-4EFE-91B5-86B7535FB26E}.Debug|Any CPU.Build.0 = Debug|Any CPU
		{833EE58B-D08F-4EFE-91B5-86B7535FB26E}.Release|Any CPU.ActiveCfg = Release|Any CPU
		{833EE58B-D08F-4EFE-91B5-86B7535FB26E}.Release|Any CPU.Build.0 = Release|Any CPU
		{437AE3E9-97E2-43B6-B5DA-1929BAF78D38}.Debug|Any CPU.ActiveCfg = Debug|Any CPU
		{437AE3E9-97E2-43B6-B5DA-1929BAF78D38}.Debug|Any CPU.Build.0 = Debug|Any CPU
		{437AE3E9-97E2-43B6-B5DA-1929BAF78D38}.Release|Any CPU.ActiveCfg = Release|Any CPU
		{437AE3E9-97E2-43B6-B5DA-1929BAF78D38}.Release|Any CPU.Build.0 = Release|Any CPU
		{D0B15FE3-A6DD-49AD-B3A4-3F3C74A50088}.Debug|Any CPU.ActiveCfg = Debug|Any CPU
		{D0B15FE3-A6DD-49AD-B3A4-3F3C74A50088}.Debug|Any CPU.Build.0 = Debug|Any CPU
		{D0B15FE3-A6DD-49AD-B3A4-3F3C74A50088}.Release|Any CPU.ActiveCfg = Release|Any CPU
		{D0B15FE3-A6DD-49AD-B3A4-3F3C74A50088}.Release|Any CPU.Build.0 = Release|Any CPU
		{BFE2025D-C846-4A7C-9617-8ED9F67F688E}.Debug|Any CPU.ActiveCfg = Debug|Any CPU
		{BFE2025D-C846-4A7C-9617-8ED9F67F688E}.Debug|Any CPU.Build.0 = Debug|Any CPU
		{BFE2025D-C846-4A7C-9617-8ED9F67F688E}.Release|Any CPU.ActiveCfg = Release|Any CPU
		{BFE2025D-C846-4A7C-9617-8ED9F67F688E}.Release|Any CPU.Build.0 = Release|Any CPU
		{69D2817D-6E4E-435F-A5EB-F826E6DC0A11}.Debug|Any CPU.ActiveCfg = Debug|Any CPU
		{69D2817D-6E4E-435F-A5EB-F826E6DC0A11}.Debug|Any CPU.Build.0 = Debug|Any CPU
		{69D2817D-6E4E-435F-A5EB-F826E6DC0A11}.Release|Any CPU.ActiveCfg = Release|Any CPU
		{69D2817D-6E4E-435F-A5EB-F826E6DC0A11}.Release|Any CPU.Build.0 = Release|Any CPU
		{AB5FA39B-964F-4FD6-A39C-ABE9074B1145}.Debug|Any CPU.ActiveCfg = Debug|Any CPU
		{AB5FA39B-964F-4FD6-A39C-ABE9074B1145}.Debug|Any CPU.Build.0 = Debug|Any CPU
		{AB5FA39B-964F-4FD6-A39C-ABE9074B1145}.Release|Any CPU.ActiveCfg = Release|Any CPU
		{AB5FA39B-964F-4FD6-A39C-ABE9074B1145}.Release|Any CPU.Build.0 = Release|Any CPU
		{A0BFC201-9397-4455-81E9-CBF11B863679}.Debug|Any CPU.ActiveCfg = Debug|Any CPU
		{A0BFC201-9397-4455-81E9-CBF11B863679}.Debug|Any CPU.Build.0 = Debug|Any CPU
		{A0BFC201-9397-4455-81E9-CBF11B863679}.Release|Any CPU.ActiveCfg = Release|Any CPU
		{A0BFC201-9397-4455-81E9-CBF11B863679}.Release|Any CPU.Build.0 = Release|Any CPU
		{10B505F3-54D1-43CF-9C50-66B8B14C79AD}.Debug|Any CPU.ActiveCfg = Debug|Any CPU
		{10B505F3-54D1-43CF-9C50-66B8B14C79AD}.Debug|Any CPU.Build.0 = Debug|Any CPU
		{10B505F3-54D1-43CF-9C50-66B8B14C79AD}.Release|Any CPU.ActiveCfg = Release|Any CPU
		{10B505F3-54D1-43CF-9C50-66B8B14C79AD}.Release|Any CPU.Build.0 = Release|Any CPU
		{0B94CE3C-DB4C-4205-980E-146AA8AB7EF3}.Debug|Any CPU.ActiveCfg = Debug|Any CPU
		{0B94CE3C-DB4C-4205-980E-146AA8AB7EF3}.Debug|Any CPU.Build.0 = Debug|Any CPU
		{0B94CE3C-DB4C-4205-980E-146AA8AB7EF3}.Release|Any CPU.ActiveCfg = Release|Any CPU
		{0B94CE3C-DB4C-4205-980E-146AA8AB7EF3}.Release|Any CPU.Build.0 = Release|Any CPU
		{9DF29207-9D0F-40AB-871C-9E5DDF26A873}.Debug|Any CPU.ActiveCfg = Debug|Any CPU
		{9DF29207-9D0F-40AB-871C-9E5DDF26A873}.Debug|Any CPU.Build.0 = Debug|Any CPU
		{9DF29207-9D0F-40AB-871C-9E5DDF26A873}.Release|Any CPU.ActiveCfg = Release|Any CPU
		{9DF29207-9D0F-40AB-871C-9E5DDF26A873}.Release|Any CPU.Build.0 = Release|Any CPU
		{723710F0-14A2-45B2-98B0-04C5CFB04030}.Debug|Any CPU.ActiveCfg = Debug|Any CPU
		{723710F0-14A2-45B2-98B0-04C5CFB04030}.Debug|Any CPU.Build.0 = Debug|Any CPU
		{723710F0-14A2-45B2-98B0-04C5CFB04030}.Release|Any CPU.ActiveCfg = Release|Any CPU
		{723710F0-14A2-45B2-98B0-04C5CFB04030}.Release|Any CPU.Build.0 = Release|Any CPU
		{802ECE34-EB21-4723-8BB9-1901A6ADFBB6}.Debug|Any CPU.ActiveCfg = Debug|Any CPU
		{802ECE34-EB21-4723-8BB9-1901A6ADFBB6}.Debug|Any CPU.Build.0 = Debug|Any CPU
		{802ECE34-EB21-4723-8BB9-1901A6ADFBB6}.Release|Any CPU.ActiveCfg = Release|Any CPU
		{802ECE34-EB21-4723-8BB9-1901A6ADFBB6}.Release|Any CPU.Build.0 = Release|Any CPU
		{D86EB452-D9D2-43E9-88D0-5C14BBA4F2E6}.Debug|Any CPU.ActiveCfg = Debug|Any CPU
		{D86EB452-D9D2-43E9-88D0-5C14BBA4F2E6}.Debug|Any CPU.Build.0 = Debug|Any CPU
		{D86EB452-D9D2-43E9-88D0-5C14BBA4F2E6}.Release|Any CPU.ActiveCfg = Release|Any CPU
		{D86EB452-D9D2-43E9-88D0-5C14BBA4F2E6}.Release|Any CPU.Build.0 = Release|Any CPU
		{E5BBC1E3-ADCD-4019-BC9B-1F5111C6C40F}.Debug|Any CPU.ActiveCfg = Debug|Any CPU
		{E5BBC1E3-ADCD-4019-BC9B-1F5111C6C40F}.Debug|Any CPU.Build.0 = Debug|Any CPU
		{E5BBC1E3-ADCD-4019-BC9B-1F5111C6C40F}.Release|Any CPU.ActiveCfg = Release|Any CPU
		{E5BBC1E3-ADCD-4019-BC9B-1F5111C6C40F}.Release|Any CPU.Build.0 = Release|Any CPU
		{56371818-88B6-463A-85CA-22098118E695}.Debug|Any CPU.ActiveCfg = Debug|Any CPU
		{56371818-88B6-463A-85CA-22098118E695}.Debug|Any CPU.Build.0 = Debug|Any CPU
		{56371818-88B6-463A-85CA-22098118E695}.Release|Any CPU.ActiveCfg = Release|Any CPU
		{56371818-88B6-463A-85CA-22098118E695}.Release|Any CPU.Build.0 = Release|Any CPU
		{2FB6FE49-9DC2-47F5-88B5-86206221366D}.Debug|Any CPU.ActiveCfg = Debug|Any CPU
		{2FB6FE49-9DC2-47F5-88B5-86206221366D}.Debug|Any CPU.Build.0 = Debug|Any CPU
		{2FB6FE49-9DC2-47F5-88B5-86206221366D}.Release|Any CPU.ActiveCfg = Release|Any CPU
		{2FB6FE49-9DC2-47F5-88B5-86206221366D}.Release|Any CPU.Build.0 = Release|Any CPU
	EndGlobalSection
	GlobalSection(SolutionProperties) = preSolution
		HideSolutionNode = FALSE
	EndGlobalSection
	GlobalSection(NestedProjects) = preSolution
		{F1DECDA1-47C4-4DBB-BFB8-DBEA07210ED8} = {54728FDA-87AA-4960-A63E-3D41697D324B}
		{833EE58B-D08F-4EFE-91B5-86B7535FB26E} = {F1DECDA1-47C4-4DBB-BFB8-DBEA07210ED8}
		{9ECEDB87-599B-421C-9F87-69E540BC8859} = {54728FDA-87AA-4960-A63E-3D41697D324B}
		{437AE3E9-97E2-43B6-B5DA-1929BAF78D38} = {9ECEDB87-599B-421C-9F87-69E540BC8859}
		{C4F0DA79-0BF0-4F48-9F61-B73D07F33D8A} = {54728FDA-87AA-4960-A63E-3D41697D324B}
		{8AA43B6F-5B3D-428C-ABFC-EE98400E103D} = {C4F0DA79-0BF0-4F48-9F61-B73D07F33D8A}
		{6A32861F-4817-482C-92CF-D04ED9DFE043} = {C4F0DA79-0BF0-4F48-9F61-B73D07F33D8A}
		{7E4879D3-F85F-4137-AE55-31D6E8A17448} = {C4F0DA79-0BF0-4F48-9F61-B73D07F33D8A}
		{D0B15FE3-A6DD-49AD-B3A4-3F3C74A50088} = {8AA43B6F-5B3D-428C-ABFC-EE98400E103D}
		{BFE2025D-C846-4A7C-9617-8ED9F67F688E} = {8AA43B6F-5B3D-428C-ABFC-EE98400E103D}
		{69D2817D-6E4E-435F-A5EB-F826E6DC0A11} = {6A32861F-4817-482C-92CF-D04ED9DFE043}
		{AB5FA39B-964F-4FD6-A39C-ABE9074B1145} = {7E4879D3-F85F-4137-AE55-31D6E8A17448}
		{A0BFC201-9397-4455-81E9-CBF11B863679} = {4CB65D89-4044-447C-8A09-55122BBE2C65}
		{CED957CD-B3EC-4A8C-97BC-BE70962B3E5C} = {54728FDA-87AA-4960-A63E-3D41697D324B}
		{10B505F3-54D1-43CF-9C50-66B8B14C79AD} = {CED957CD-B3EC-4A8C-97BC-BE70962B3E5C}
		{0B94CE3C-DB4C-4205-980E-146AA8AB7EF3} = {CED957CD-B3EC-4A8C-97BC-BE70962B3E5C}
		{9DF29207-9D0F-40AB-871C-9E5DDF26A873} = {CED957CD-B3EC-4A8C-97BC-BE70962B3E5C}
		{723710F0-14A2-45B2-98B0-04C5CFB04030} = {CED957CD-B3EC-4A8C-97BC-BE70962B3E5C}
		{802ECE34-EB21-4723-8BB9-1901A6ADFBB6} = {CED957CD-B3EC-4A8C-97BC-BE70962B3E5C}
		{14D4EB8A-41B9-4DCE-BE1A-4CAB6F41F471} = {54728FDA-87AA-4960-A63E-3D41697D324B}
		{D86EB452-D9D2-43E9-88D0-5C14BBA4F2E6} = {14D4EB8A-41B9-4DCE-BE1A-4CAB6F41F471}
		{E5BBC1E3-ADCD-4019-BC9B-1F5111C6C40F} = {72500D71-490C-4EAC-855C-618F582DAC82}
		{56371818-88B6-463A-85CA-22098118E695} = {72500D71-490C-4EAC-855C-618F582DAC82}
		{2C2ECAB8-B3BC-44F6-BF35-4D1A5190E17A} = {54728FDA-87AA-4960-A63E-3D41697D324B}
		{2FB6FE49-9DC2-47F5-88B5-86206221366D} = {2C2ECAB8-B3BC-44F6-BF35-4D1A5190E17A}
	EndGlobalSection
EndGlobal
